github.com/davecgh/go-spew v1.1.1 h1:vj9j/u1bqnvCEfJOwUhtlOARqs3+rkHYY13jYWTU97c=
github.com/davecgh/go-spew v1.1.1/go.mod h1:J7Y8YcW2NihsgmVo/mv3lAwl/skON4iLHjSsI+c5H38=
github.com/h2non/bimg v1.1.5 h1:o3xsUBxM8s7+e7PmpiWIkEYdeYayJ94eh4cJLx67m1k=
github.com/h2non/bimg v1.1.5/go.mod h1:R3+UiYwkK4rQl6KVFTOFJHitgLbZXBZNFh2cv3AEbp8=
github.com/zenthangplus/goccm v0.0.0-20211005163543-2f2e522aca15 h1:0UwX38TojH86Dl0n4OwPMNYy8hNs2NhtzwY4RlvANlA=
github.com/zenthangplus/goccm v0.0.0-20211005163543-2f2e522aca15/go.mod h1:DUzu/BC4TkgUfXP8J1P6Md73Djt+0l0CHq001Pt4weA=
